
Microsoft Visual Studio Solution File, Format Version 12.00
# Visual Studio Version 16
VisualStudioVersion = 16.0.30503.244
MinimumVisualStudioVersion = 10.0.40219.1
Project("{9A19103F-16F7-4668-BE54-9A1E7A4F7556}") = "OpenAIPoCChatBot2", "OpenAIPoCChatBot2.csproj", "{4CEF65B3-132C-4E53-93DC-2E8E67969D9D}"
EndProject
Global
	GlobalSection(SolutionConfigurationPlatforms) = preSolution
		Debug|Any CPU = Debug|Any CPU
		Release|Any CPU = Release|Any CPU
	EndGlobalSection
	GlobalSection(ProjectConfigurationPlatforms) = postSolution
		{4CEF65B3-132C-4E53-93DC-2E8E67969D9D}.Debug|Any CPU.ActiveCfg = Debug|Any CPU
		{4CEF65B3-132C-4E53-93DC-2E8E67969D9D}.Debug|Any CPU.Build.0 = Debug|Any CPU
		{4CEF65B3-132C-4E53-93DC-2E8E67969D9D}.Release|Any CPU.ActiveCfg = Release|Any CPU
		{4CEF65B3-132C-4E53-93DC-2E8E67969D9D}.Release|Any CPU.Build.0 = Release|Any CPU
	EndGlobalSection
	GlobalSection(SolutionProperties) = preSolution
		HideSolutionNode = FALSE
	EndGlobalSection
	GlobalSection(ExtensibilityGlobals) = postSolution
		SolutionGuid = {4ABDFA8C-3350-4CFE-84D4-0F670F1A6F38}
	EndGlobalSection
EndGlobal
